<?xml version="1.0" encoding="utf-8"?>
<Project ToolsVersion="4.0" xmlns="http://schemas.microsoft.com/developer/msbuild/2003">
  <ItemGroup>
    <Filter Include="Source Files">
      <UniqueIdentifier>{4FC737F1-C7A5-4376-A066-2A32D752A2FF}</UniqueIdentifier>
      <Extensions>cpp;c;cc;cxx;def;odl;idl;hpj;bat;asm;asmx</Extensions>
    </Filter>
    <Filter Include="Header Files">
      <UniqueIdentifier>{93995380-89BD-4b04-88EB-625FBE52EBFB}</UniqueIdentifier>
      <Extensions>h;hh;hpp;hxx;hm;inl;inc;xsd</Extensions>
    </Filter>
    <Filter Include="Resource Files">
      <UniqueIdentifier>{67DA6AB6-F800-4c08-8B7A-83BB121AAD01}</UniqueIdentifier>
      <Extensions>rc;ico;cur;bmp;dlg;rc2;rct;bin;rgs;gif;jpg;jpeg;jpe;resx;tiff;tif;png;wav;mfcribbon-ms</Extensions>
    </Filter>
    <Filter Include="Source Files\Magic">
      <UniqueIdentifier>{e5e03104-6d72-4c90-a75a-163b822f1bcb}</UniqueIdentifier>
    </Filter>
    <Filter Include="Header Files\Magic">
      <UniqueIdentifier>{5f083251-603f-4e71-be10-cc3c1f6bdae4}</UniqueIdentifier>
    </Filter>
    <Filter Include="Header Files\Selector">
      <UniqueIdentifier>{beff1024-efba-4012-999f-b2e7ea5a6676}</UniqueIdentifier>
    </Filter>
    <Filter Include="Source Files\Selector">
      <UniqueIdentifier>{a1876317-8d15-446a-89b9-e51f0ded2910}</UniqueIdentifier>
    </Filter>
  </ItemGroup>
  <ItemGroup>
    <None Include="main.ino" />
  </ItemGroup>
  <ItemGroup>
    <ClCompile Include="Hardware.cpp">
      <Filter>Source Files</Filter>
    </ClCompile>
    <ClCompile Include="Timer.cpp">
      <Filter>Source Files</Filter>
    </ClCompile>
    <ClCompile Include="Modes.cpp">
      <Filter>Source Files</Filter>
    </ClCompile>
    <ClCompile Include="Sound.cpp">
      <Filter>Source Files</Filter>
    </ClCompile>
    <ClCompile Include="PCA9685.cpp">
      <Filter>Source Files</Filter>
    </ClCompile>
    <ClCompile Include="Light.cpp">
      <Filter>Source Files\Magic</Filter>
    </ClCompile>
    <ClCompile Include="Hypnotic.cpp">
      <Filter>Source Files\Magic</Filter>
    </ClCompile>
    <ClCompile Include="Physics.cpp">
      <Filter>Source Files</Filter>
    </ClCompile>
    <ClCompile Include="LED.cpp">
      <Filter>Source Files</Filter>
    </ClCompile>
    <ClCompile Include="Fire.cpp">
      <Filter>Source Files\Magic</Filter>
    </ClCompile>
    <ClCompile Include="PCA9685_LED.cpp">
      <Filter>Source Files</Filter>
    </ClCompile>
    <ClCompile Include="Scan.cpp">
      <Filter>Source Files\Magic</Filter>
    </ClCompile>
    <ClCompile Include="Ball.cpp">
      <Filter>Source Files\Selector</Filter>
    </ClCompile>
    <ClCompile Include="Cube.cpp">
      <Filter>Source Files\Selector</Filter>
    </ClCompile>
    <ClCompile Include="Selector.cpp">
      <Filter>Source Files\Selector</Filter>
    </ClCompile>
  </ItemGroup>
  <ItemGroup>
    <ClInclude Include="Hardware.h">
      <Filter>Header Files</Filter>
    </ClInclude>
    <ClInclude Include="Timer.h">
      <Filter>Header Files</Filter>
    </ClInclude>
    <ClInclude Include="__vm\.Loghorizon-Staff.vsarduino.h">
      <Filter>Header Files</Filter>
    </ClInclude>
    <ClInclude Include="Modes.h">
      <Filter>Header Files</Filter>
    </ClInclude>
    <ClInclude Include="Sound.h">
      <Filter>Header Files</Filter>
    </ClInclude>
    <ClInclude Include="PCA9685.h">
      <Filter>Header Files</Filter>
    </ClInclude>
    <ClInclude Include="Light.h">
      <Filter>Header Files\Magic</Filter>
    </ClInclude>
    <ClInclude Include="Hypnotic.h">
      <Filter>Header Files\Magic</Filter>
    </ClInclude>
    <ClInclude Include="Physics.h">
      <Filter>Header Files</Filter>
    </ClInclude>
    <ClInclude Include="LED.h">
      <Filter>Header Files</Filter>
    </ClInclude>
    <ClInclude Include="Fire.h">
      <Filter>Header Files\Magic</Filter>
    </ClInclude>
    <ClInclude Include="PCA9685_LED.h">
      <Filter>Header Files</Filter>
    </ClInclude>
    <ClInclude Include="Scan.h">
      <Filter>Header Files\Magic</Filter>
    </ClInclude>
    <ClInclude Include="Ball.h">
      <Filter>Header Files\Selector</Filter>
    </ClInclude>
    <ClInclude Include="Cube.h">
      <Filter>Header Files\Selector</Filter>
    </ClInclude>
    <ClInclude Include="Selector.h">
      <Filter>Header Files\Selector</Filter>
    </ClInclude>
  </ItemGroup>
</Project>